
Microsoft Visual Studio Solution File, Format Version 12.00
# Visual Studio Version 17
VisualStudioVersion = 17.1.32421.90
MinimumVisualStudioVersion = 10.0.40219.1
Project("{FAE04EC0-301F-11D3-BF4B-00C04F79EFBC}") = "Collections", "Collections\Collections.csproj", "{D2201493-1CA8-44BA-85C2-387C92CF52B9}"
EndProject
Project("{FAE04EC0-301F-11D3-BF4B-00C04F79EFBC}") = "CollectionsTests", "CollectionsTests\CollectionsTests.csproj", "{824D8B1F-DCBD-442A-A563-9BDDCEF86F09}"
EndProject
Global
	GlobalSection(SolutionConfigurationPlatforms) = preSolution
		Debug|Any CPU = Debug|Any CPU
		Release|Any CPU = Release|Any CPU
	EndGlobalSection
	GlobalSection(ProjectConfigurationPlatforms) = postSolution
		{D2201493-1CA8-44BA-85C2-387C92CF52B9}.Debug|Any CPU.ActiveCfg = Debug|Any CPU
		{D2201493-1CA8-44BA-85C2-387C92CF52B9}.Debug|Any CPU.Build.0 = Debug|Any CPU
		{D2201493-1CA8-44BA-85C2-387C92CF52B9}.Release|Any CPU.ActiveCfg = Release|Any CPU
		{D2201493-1CA8-44BA-85C2-387C92CF52B9}.Release|Any CPU.Build.0 = Release|Any CPU
		{824D8B1F-DCBD-442A-A563-9BDDCEF86F09}.Debug|Any CPU.ActiveCfg = Debug|Any CPU
		{824D8B1F-DCBD-442A-A563-9BDDCEF86F09}.Debug|Any CPU.Build.0 = Debug|Any CPU
		{824D8B1F-DCBD-442A-A563-9BDDCEF86F09}.Release|Any CPU.ActiveCfg = Release|Any CPU
		{824D8B1F-DCBD-442A-A563-9BDDCEF86F09}.Release|Any CPU.Build.0 = Release|Any CPU
	EndGlobalSection
	GlobalSection(SolutionProperties) = preSolution
		HideSolutionNode = FALSE
	EndGlobalSection
	GlobalSection(ExtensibilityGlobals) = postSolution
		SolutionGuid = {DB6BB906-4195-4294-9CD7-50CB50D7912D}
	EndGlobalSection
EndGlobal
